# This file is autogenerated, do not edit; changes may be undone by the next 'dep ensure'.


[[projects]]
  branch = "master"
  digest = "1:4f971e961cc101712d18dbbd532813bbcd08c9984acceb55dff3fb86ed62ed5f"
  name = "github.com/oliveagle/jsonpath"
  packages = ["."]
  pruneopts = "UT"
  revision = "2e52cf6e685269ed8aefec6390f3cac3ef74e730"

[solve-meta]
  analyzer-name = "dep"
  analyzer-version = 1
  input-imports = ["github.com/oliveagle/jsonpath"]
  solver-name = "gps-cdcl"
  solver-version = 1
